
Microsoft Visual Studio Solution File, Format Version 12.00
# Visual Studio Version 16
VisualStudioVersion = 16.0.31205.134
MinimumVisualStudioVersion = 10.0.40219.1
Project("{FAE04EC0-301F-11D3-BF4B-00C04F79EFBC}") = "Game of Life", "Game of Life.csproj", "{24B2B207-EB0E-423F-8E7F-045694B627D0}"
EndProject
Global
	GlobalSection(SolutionConfigurationPlatforms) = preSolution
		Debug|Any CPU = Debug|Any CPU
		Release|Any CPU = Release|Any CPU
	EndGlobalSection
	GlobalSection(ProjectConfigurationPlatforms) = postSolution
		{24B2B207-EB0E-423F-8E7F-045694B627D0}.Debug|Any CPU.ActiveCfg = Debug|Any CPU
		{24B2B207-EB0E-423F-8E7F-045694B627D0}.Debug|Any CPU.Build.0 = Debug|Any CPU
		{24B2B207-EB0E-423F-8E7F-045694B627D0}.Release|Any CPU.ActiveCfg = Release|Any CPU
		{24B2B207-EB0E-423F-8E7F-045694B627D0}.Release|Any CPU.Build.0 = Release|Any CPU
	EndGlobalSection
	GlobalSection(SolutionProperties) = preSolution
		HideSolutionNode = FALSE
	EndGlobalSection
	GlobalSection(ExtensibilityGlobals) = postSolution
		SolutionGuid = {D9B23763-19E0-4D04-904F-67CDE2ACE18B}
	EndGlobalSection
EndGlobal
